{
  "requires": true,
  "lockfileVersion": 1,
  "dependencies": {
    "idb": {
      "version": "5.0.6",
      "resolved": "https://registry.npmjs.org/idb/-/idb-5.0.6.tgz",
      "integrity": "sha512-/PFvOWPzRcEPmlDt5jEvzVZVs0wyd/EvGvkDIcbBpGuMMLQKrTPG0TxvE2UJtgZtCQCmOtM2QD7yQJBVEjKGOw=="
    }
  }
}
